
Microsoft Visual Studio Solution File, Format Version 12.00
# Visual Studio Version 17
VisualStudioVersion = 17.4.33205.214
MinimumVisualStudioVersion = 10.0.40219.1
Project("{FAE04EC0-301F-11D3-BF4B-00C04F79EFBC}") = "RuangAPI", "RuangAPI\RuangAPI.csproj", "{158EA9EF-E08F-478C-9178-8DD6D5B98257}"
EndProject
Global
	GlobalSection(SolutionConfigurationPlatforms) = preSolution
		Debug|Any CPU = Debug|Any CPU
		Release|Any CPU = Release|Any CPU
	EndGlobalSection
	GlobalSection(ProjectConfigurationPlatforms) = postSolution
		{158EA9EF-E08F-478C-9178-8DD6D5B98257}.Debug|Any CPU.ActiveCfg = Debug|Any CPU
		{158EA9EF-E08F-478C-9178-8DD6D5B98257}.Debug|Any CPU.Build.0 = Debug|Any CPU
		{158EA9EF-E08F-478C-9178-8DD6D5B98257}.Release|Any CPU.ActiveCfg = Release|Any CPU
		{158EA9EF-E08F-478C-9178-8DD6D5B98257}.Release|Any CPU.Build.0 = Release|Any CPU
	EndGlobalSection
	GlobalSection(SolutionProperties) = preSolution
		HideSolutionNode = FALSE
	EndGlobalSection
	GlobalSection(ExtensibilityGlobals) = postSolution
		SolutionGuid = {A05AF66A-67A8-4A8B-9EB1-4E2D4CB1942C}
	EndGlobalSection
EndGlobal
